// !$*UTF8*$!
{
	archiveVersion = 1;
	classes = {
	};
	objectVersion = 46;
	objects = {

/* Begin PBXBuildFile section */
		B144E23A1F1A49780082A5F6 /* AppDelegate.swift in Sources */ = {isa = PBXBuildFile; fileRef = B144E2391F1A49780082A5F6 /* AppDelegate.swift */; };
		B144E2411F1A49780082A5F6 /* Assets.xcassets in Resources */ = {isa = PBXBuildFile; fileRef = B144E2401F1A49780082A5F6 /* Assets.xcassets */; };
		B144E2441F1A49780082A5F6 /* LaunchScreen.storyboard in Resources */ = {isa = PBXBuildFile; fileRef = B144E2421F1A49780082A5F6 /* LaunchScreen.storyboard */; };
		B144E2541F1A4AC60082A5F6 /* Login.storyboard in Resources */ = {isa = PBXBuildFile; fileRef = B144E2531F1A4AC60082A5F6 /* Login.storyboard */; };
		B144E2561F1A4AD30082A5F6 /* LoginViewController.swift in Sources */ = {isa = PBXBuildFile; fileRef = B144E2551F1A4AD30082A5F6 /* LoginViewController.swift */; };
		B144E2591F1A4D8E0082A5F6 /* UIViewController.swift in Sources */ = {isa = PBXBuildFile; fileRef = B144E2581F1A4D8E0082A5F6 /* UIViewController.swift */; };
		B144E25B1F1A4FF70082A5F6 /* KeyboardManager.swift in Sources */ = {isa = PBXBuildFile; fileRef = B144E25A1F1A4FF70082A5F6 /* KeyboardManager.swift */; };
		B144E25D1F1A53BE0082A5F6 /* Feed.storyboard in Resources */ = {isa = PBXBuildFile; fileRef = B144E25C1F1A53BE0082A5F6 /* Feed.storyboard */; };
		B144E25F1F1A53D00082A5F6 /* FeedViewController.swift in Sources */ = {isa = PBXBuildFile; fileRef = B144E25E1F1A53D00082A5F6 /* FeedViewController.swift */; };
		B144E2611F1A550A0082A5F6 /* FeedNavigationController.swift in Sources */ = {isa = PBXBuildFile; fileRef = B144E2601F1A550A0082A5F6 /* FeedNavigationController.swift */; };
/* End PBXBuildFile section */

/* Begin PBXFileReference section */
		B144E2361F1A49780082A5F6 /* Future.app */ = {isa = PBXFileReference; explicitFileType = wrapper.application; includeInIndex = 0; path = Future.app; sourceTree = BUILT_PRODUCTS_DIR; };
		B144E2391F1A49780082A5F6 /* AppDelegate.swift */ = {isa = PBXFileReference; lastKnownFileType = sourcecode.swift; path = AppDelegate.swift; sourceTree = "<group>"; };
		B144E2401F1A49780082A5F6 /* Assets.xcassets */ = {isa = PBXFileReference; lastKnownFileType = folder.assetcatalog; path = Assets.xcassets; sourceTree = "<group>"; };
		B144E2431F1A49780082A5F6 /* Base */ = {isa = PBXFileReference; lastKnownFileType = file.storyboard; name = Base; path = Base.lproj/LaunchScreen.storyboard; sourceTree = "<group>"; };
		B144E2451F1A49780082A5F6 /* Info.plist */ = {isa = PBXFileReference; lastKnownFileType = text.plist.xml; path = Info.plist; sourceTree = "<group>"; };
		B144E2531F1A4AC60082A5F6 /* Login.storyboard */ = {isa = PBXFileReference; fileEncoding = 4; lastKnownFileType = file.storyboard; path = Login.storyboard; sourceTree = "<group>"; };
		B144E2551F1A4AD30082A5F6 /* LoginViewController.swift */ = {isa = PBXFileReference; fileEncoding = 4; lastKnownFileType = sourcecode.swift; path = LoginViewController.swift; sourceTree = "<group>"; };
		B144E2581F1A4D8E0082A5F6 /* UIViewController.swift */ = {isa = PBXFileReference; fileEncoding = 4; lastKnownFileType = sourcecode.swift; path = UIViewController.swift; sourceTree = "<group>"; };
		B144E25A1F1A4FF70082A5F6 /* KeyboardManager.swift */ = {isa = PBXFileReference; fileEncoding = 4; lastKnownFileType = sourcecode.swift; path = KeyboardManager.swift; sourceTree = "<group>"; };
		B144E25C1F1A53BE0082A5F6 /* Feed.storyboard */ = {isa = PBXFileReference; fileEncoding = 4; lastKnownFileType = file.storyboard; path = Feed.storyboard; sourceTree = "<group>"; };
		B144E25E1F1A53D00082A5F6 /* FeedViewController.swift */ = {isa = PBXFileReference; fileEncoding = 4; lastKnownFileType = sourcecode.swift; path = FeedViewController.swift; sourceTree = "<group>"; };
		B144E2601F1A550A0082A5F6 /* FeedNavigationController.swift */ = {isa = PBXFileReference; fileEncoding = 4; lastKnownFileType = sourcecode.swift; path = FeedNavigationController.swift; sourceTree = "<group>"; };
/* End PBXFileReference section */

/* Begin PBXFrameworksBuildPhase section */
		B144E2331F1A49780082A5F6 /* Frameworks */ = {
			isa = PBXFrameworksBuildPhase;
			buildActionMask = 2147483647;
			files = (
			);
			runOnlyForDeploymentPostprocessing = 0;
		};
/* End PBXFrameworksBuildPhase section */

/* Begin PBXGroup section */
		B144E22D1F1A49780082A5F6 = {
			isa = PBXGroup;
			children = (
				B144E2381F1A49780082A5F6 /* Future */,
				B144E2371F1A49780082A5F6 /* Products */,
			);
			sourceTree = "<group>";
		};
		B144E2371F1A49780082A5F6 /* Products */ = {
			isa = PBXGroup;
			children = (
				B144E2361F1A49780082A5F6 /* Future.app */,
			);
			name = Products;
			sourceTree = "<group>";
		};
		B144E2381F1A49780082A5F6 /* Future */ = {
			isa = PBXGroup;
			children = (
				B144E2391F1A49780082A5F6 /* AppDelegate.swift */,
				B144E24F1F1A49E30082A5F6 /* Models */,
				B144E24E1F1A49DF0082A5F6 /* Views */,
				B144E24D1F1A49D60082A5F6 /* Controllers */,
				B144E24C1F1A49C70082A5F6 /* Data Provider */,
				B144E24B1F1A499A0082A5F6 /* Extra */,
			);
			path = Future;
			sourceTree = "<group>";
		};
		B144E24B1F1A499A0082A5F6 /* Extra */ = {
			isa = PBXGroup;
			children = (
				B144E2571F1A4D790082A5F6 /* UIKit Extensions */,
				B144E25A1F1A4FF70082A5F6 /* KeyboardManager.swift */,
				B144E2401F1A49780082A5F6 /* Assets.xcassets */,
				B144E2421F1A49780082A5F6 /* LaunchScreen.storyboard */,
				B144E2451F1A49780082A5F6 /* Info.plist */,
			);
			name = Extra;
			sourceTree = "<group>";
		};
		B144E24C1F1A49C70082A5F6 /* Data Provider */ = {
			isa = PBXGroup;
			children = (
			);
			name = "Data Provider";
			sourceTree = "<group>";
		};
		B144E24D1F1A49D60082A5F6 /* Controllers */ = {
			isa = PBXGroup;
			children = (
				B144E2501F1A4A420082A5F6 /* LoginViewController */,
				B144E2511F1A4A4C0082A5F6 /* FeedViewController */,
			);
			name = Controllers;
			sourceTree = "<group>";
		};
		B144E24E1F1A49DF0082A5F6 /* Views */ = {
			isa = PBXGroup;
			children = (
			);
			name = Views;
			sourceTree = "<group>";
		};
		B144E24F1F1A49E30082A5F6 /* Models */ = {
			isa = PBXGroup;
			children = (
			);
			name = Models;
			sourceTree = "<group>";
		};
		B144E2501F1A4A420082A5F6 /* LoginViewController */ = {
			isa = PBXGroup;
			children = (
				B144E2531F1A4AC60082A5F6 /* Login.storyboard */,
				B144E2551F1A4AD30082A5F6 /* LoginViewController.swift */,
			);
			name = LoginViewController;
			sourceTree = "<group>";
		};
		B144E2511F1A4A4C0082A5F6 /* FeedViewController */ = {
			isa = PBXGroup;
			children = (
				B144E25C1F1A53BE0082A5F6 /* Feed.storyboard */,
				B144E2601F1A550A0082A5F6 /* FeedNavigationController.swift */,
				B144E25E1F1A53D00082A5F6 /* FeedViewController.swift */,
				B144E2521F1A4A620082A5F6 /* ArticleViewController */,
			);
			name = FeedViewController;
			sourceTree = "<group>";
		};
		B144E2521F1A4A620082A5F6 /* ArticleViewController */ = {
			isa = PBXGroup;
			children = (
			);
			name = ArticleViewController;
			sourceTree = "<group>";
		};
		B144E2571F1A4D790082A5F6 /* UIKit Extensions */ = {
			isa = PBXGroup;
			children = (
				B144E2581F1A4D8E0082A5F6 /* UIViewController.swift */,
			);
			name = "UIKit Extensions";
			sourceTree = "<group>";
		};
/* End PBXGroup section */

/* Begin PBXNativeTarget section */
		B144E2351F1A49780082A5F6 /* Future */ = {
			isa = PBXNativeTarget;
			buildConfigurationList = B144E2481F1A49780082A5F6 /* Build configuration list for PBXNativeTarget "Future" */;
			buildPhases = (
				B144E2321F1A49780082A5F6 /* Sources */,
				B144E2331F1A49780082A5F6 /* Frameworks */,
				B144E2341F1A49780082A5F6 /* Resources */,
				B144E2641F1A5B9C0082A5F6 /* ShellScript */,
			);
			buildRules = (
			);
			dependencies = (
			);
			name = Future;
			productName = Future;
			productReference = B144E2361F1A49780082A5F6 /* Future.app */;
			productType = "com.apple.product-type.application";
		};
/* End PBXNativeTarget section */

/* Begin PBXProject section */
		B144E22E1F1A49780082A5F6 /* Project object */ = {
			isa = PBXProject;
			attributes = {
				LastSwiftUpdateCheck = 0830;
				LastUpgradeCheck = 0830;
				ORGANIZATIONNAME = "Xavi Moll";
				TargetAttributes = {
					B144E2351F1A49780082A5F6 = {
						CreatedOnToolsVersion = 8.3.3;
						DevelopmentTeam = 63PYRNNP7M;
						ProvisioningStyle = Automatic;
					};
				};
			};
			buildConfigurationList = B144E2311F1A49780082A5F6 /* Build configuration list for PBXProject "Future" */;
			compatibilityVersion = "Xcode 3.2";
			developmentRegion = English;
			hasScannedForEncodings = 0;
			knownRegions = (
				en,
				Base,
			);
			mainGroup = B144E22D1F1A49780082A5F6;
			productRefGroup = B144E2371F1A49780082A5F6 /* Products */;
			projectDirPath = "";
			projectRoot = "";
			targets = (
				B144E2351F1A49780082A5F6 /* Future */,
			);
		};
/* End PBXProject section */

/* Begin PBXResourcesBuildPhase section */
		B144E2341F1A49780082A5F6 /* Resources */ = {
			isa = PBXResourcesBuildPhase;
			buildActionMask = 2147483647;
			files = (
				B144E2441F1A49780082A5F6 /* LaunchScreen.storyboard in Resources */,
				B144E2411F1A49780082A5F6 /* Assets.xcassets in Resources */,
				B144E25D1F1A53BE0082A5F6 /* Feed.storyboard in Resources */,
				B144E2541F1A4AC60082A5F6 /* Login.storyboard in Resources */,
			);
			runOnlyForDeploymentPostprocessing = 0;
		};
/* End PBXResourcesBuildPhase section */

/* Begin PBXShellScriptBuildPhase section */
		B144E2641F1A5B9C0082A5F6 /* ShellScript */ = {
			isa = PBXShellScriptBuildPhase;
			buildActionMask = 2147483647;
			files = (
			);
			inputPaths = (
			);
			outputPaths = (
			);
			runOnlyForDeploymentPostprocessing = 0;
			shellPath = /bin/sh;
			shellScript = "TAGS=\"TODO:|FIXME:\"\nERRORTAG=\"ERROR:\"\nfind \"${SRCROOT}\" \\( -name \"*.swift\" \\) -print0 | xargs -0 egrep --with-filename --line-number --only-matching \"($TAGS).*\\$|($ERRORTAG).*\\$\" | perl -p -e \"s/($TAGS)/ warning: \\$1/\" | perl -p -e \"s/($ERRORTAG)/ error: \\$1/\"";
		};
/* End PBXShellScriptBuildPhase section */

/* Begin PBXSourcesBuildPhase section */
		B144E2321F1A49780082A5F6 /* Sources */ = {
			isa = PBXSourcesBuildPhase;
			buildActionMask = 2147483647;
			files = (
				B144E25B1F1A4FF70082A5F6 /* KeyboardManager.swift in Sources */,
				B144E2561F1A4AD30082A5F6 /* LoginViewController.swift in Sources */,
				B144E25F1F1A53D00082A5F6 /* FeedViewController.swift in Sources */,
				B144E23A1F1A49780082A5F6 /* AppDelegate.swift in Sources */,
				B144E2591F1A4D8E0082A5F6 /* UIViewController.swift in Sources */,
				B144E2611F1A550A0082A5F6 /* FeedNavigationController.swift in Sources */,
			);
			runOnlyForDeploymentPostprocessing = 0;
		};
/* End PBXSourcesBuildPhase section */

/* Begin PBXVariantGroup section */
		B144E2421F1A49780082A5F6 /* LaunchScreen.storyboard */ = {
			isa = PBXVariantGroup;
			children = (
				B144E2431F1A49780082A5F6 /* Base */,
			);
			name = LaunchScreen.storyboard;
			sourceTree = "<group>";
		};
/* End PBXVariantGroup section */

/* Begin XCBuildConfiguration section */
		B144E2461F1A49780082A5F6 /* Debug */ = {
			isa = XCBuildConfiguration;
			buildSettings = {
				ALWAYS_SEARCH_USER_PATHS = NO;
				CLANG_ANALYZER_NONNULL = YES;
				CLANG_ANALYZER_NUMBER_OBJECT_CONVERSION = YES_AGGRESSIVE;
				CLANG_CXX_LANGUAGE_STANDARD = "gnu++0x";
				CLANG_CXX_LIBRARY = "libc++";
				CLANG_ENABLE_MODULES = YES;
				CLANG_ENABLE_OBJC_ARC = YES;
				CLANG_WARN_BOOL_CONVERSION = YES;
				CLANG_WARN_CONSTANT_CONVERSION = YES;
				CLANG_WARN_DIRECT_OBJC_ISA_USAGE = YES_ERROR;
				CLANG_WARN_DOCUMENTATION_COMMENTS = YES;
				CLANG_WARN_EMPTY_BODY = YES;
				CLANG_WARN_ENUM_CONVERSION = YES;
				CLANG_WARN_INFINITE_RECURSION = YES;
				CLANG_WARN_INT_CONVERSION = YES;
				CLANG_WARN_OBJC_ROOT_CLASS = YES_ERROR;
				CLANG_WARN_SUSPICIOUS_MOVE = YES;
				CLANG_WARN_UNREACHABLE_CODE = YES;
				CLANG_WARN__DUPLICATE_METHOD_MATCH = YES;
				"CODE_SIGN_IDENTITY[sdk=iphoneos*]" = "iPhone Developer";
				COPY_PHASE_STRIP = NO;
				DEBUG_INFORMATION_FORMAT = dwarf;
				ENABLE_STRICT_OBJC_MSGSEND = YES;
				ENABLE_TESTABILITY = YES;
				GCC_C_LANGUAGE_STANDARD = gnu99;
				GCC_DYNAMIC_NO_PIC = NO;
				GCC_NO_COMMON_BLOCKS = YES;
				GCC_OPTIMIZATION_LEVEL = 0;
				GCC_PREPROCESSOR_DEFINITIONS = (
					"DEBUG=1",
					"$(inherited)",
				);
				GCC_WARN_64_TO_32_BIT_CONVERSION = YES;
				GCC_WARN_ABOUT_RETURN_TYPE = YES_ERROR;
				GCC_WARN_UNDECLARED_SELECTOR = YES;
				GCC_WARN_UNINITIALIZED_AUTOS = YES_AGGRESSIVE;
				GCC_WARN_UNUSED_FUNCTION = YES;
				GCC_WARN_UNUSED_VARIABLE = YES;
				IPHONEOS_DEPLOYMENT_TARGET = 10.3;
				MTL_ENABLE_DEBUG_INFO = YES;
				ONLY_ACTIVE_ARCH = YES;
				SDKROOT = iphoneos;
				SWIFT_ACTIVE_COMPILATION_CONDITIONS = DEBUG;
				SWIFT_OPTIMIZATION_LEVEL = "-Onone";
				TARGETED_DEVICE_FAMILY = "1,2";
			};
			name = Debug;
		};
		B144E2471F1A49780082A5F6 /* Release */ = {
			isa = XCBuildConfiguration;
			buildSettings = {
				ALWAYS_SEARCH_USER_PATHS = NO;
				CLANG_ANALYZER_NONNULL = YES;
				CLANG_ANALYZER_NUMBER_OBJECT_CONVERSION = YES_AGGRESSIVE;
				CLANG_CXX_LANGUAGE_STANDARD = "gnu++0x";
				CLANG_CXX_LIBRARY = "libc++";
				CLANG_ENABLE_MODULES = YES;
				CLANG_ENABLE_OBJC_ARC = YES;
				CLANG_WARN_BOOL_CONVERSION = YES;
				CLANG_WARN_CONSTANT_CONVERSION = YES;
				CLANG_WARN_DIRECT_OBJC_ISA_USAGE = YES_ERROR;
				CLANG_WARN_DOCUMENTATION_COMMENTS = YES;
				CLANG_WARN_EMPTY_BODY = YES;
				CLANG_WARN_ENUM_CONVERSION = YES;
				CLANG_WARN_INFINITE_RECURSION = YES;
				CLANG_WARN_INT_CONVERSION = YES;
				CLANG_WARN_OBJC_ROOT_CLASS = YES_ERROR;
				CLANG_WARN_SUSPICIOUS_MOVE = YES;
				CLANG_WARN_UNREACHABLE_CODE = YES;
				CLANG_WARN__DUPLICATE_METHOD_MATCH = YES;
				"CODE_SIGN_IDENTITY[sdk=iphoneos*]" = "iPhone Developer";
				COPY_PHASE_STRIP = NO;
				DEBUG_INFORMATION_FORMAT = "dwarf-with-dsym";
				ENABLE_NS_ASSERTIONS = NO;
				ENABLE_STRICT_OBJC_MSGSEND = YES;
				GCC_C_LANGUAGE_STANDARD = gnu99;
				GCC_NO_COMMON_BLOCKS = YES;
				GCC_WARN_64_TO_32_BIT_CONVERSION = YES;
				GCC_WARN_ABOUT_RETURN_TYPE = YES_ERROR;
				GCC_WARN_UNDECLARED_SELECTOR = YES;
				GCC_WARN_UNINITIALIZED_AUTOS = YES_AGGRESSIVE;
				GCC_WARN_UNUSED_FUNCTION = YES;
				GCC_WARN_UNUSED_VARIABLE = YES;
				IPHONEOS_DEPLOYMENT_TARGET = 10.3;
				MTL_ENABLE_DEBUG_INFO = NO;
				SDKROOT = iphoneos;
				SWIFT_OPTIMIZATION_LEVEL = "-Owholemodule";
				TARGETED_DEVICE_FAMILY = "1,2";
				VALIDATE_PRODUCT = YES;
			};
			name = Release;
		};
		B144E2491F1A49780082A5F6 /* Debug */ = {
			isa = XCBuildConfiguration;
			buildSettings = {
				ASSETCATALOG_COMPILER_APPICON_NAME = AppIcon;
				DEVELOPMENT_TEAM = 63PYRNNP7M;
				INFOPLIST_FILE = Future/Info.plist;
				IPHONEOS_DEPLOYMENT_TARGET = 10.0;
				LD_RUNPATH_SEARCH_PATHS = "$(inherited) @executable_path/Frameworks";
				PRODUCT_BUNDLE_IDENTIFIER = com.xmollv.Future;
				PRODUCT_NAME = "$(TARGET_NAME)";
				SWIFT_VERSION = 3.0;
			};
			name = Debug;
		};
		B144E24A1F1A49780082A5F6 /* Release */ = {
			isa = XCBuildConfiguration;
			buildSettings = {
				ASSETCATALOG_COMPILER_APPICON_NAME = AppIcon;
				DEVELOPMENT_TEAM = 63PYRNNP7M;
				INFOPLIST_FILE = Future/Info.plist;
				IPHONEOS_DEPLOYMENT_TARGET = 10.0;
				LD_RUNPATH_SEARCH_PATHS = "$(inherited) @executable_path/Frameworks";
				PRODUCT_BUNDLE_IDENTIFIER = com.xmollv.Future;
				PRODUCT_NAME = "$(TARGET_NAME)";
				SWIFT_VERSION = 3.0;
			};
			name = Release;
		};
/* End XCBuildConfiguration section */

/* Begin XCConfigurationList section */
		B144E2311F1A49780082A5F6 /* Build configuration list for PBXProject "Future" */ = {
			isa = XCConfigurationList;
			buildConfigurations = (
				B144E2461F1A49780082A5F6 /* Debug */,
				B144E2471F1A49780082A5F6 /* Release */,
			);
			defaultConfigurationIsVisible = 0;
			defaultConfigurationName = Release;
		};
		B144E2481F1A49780082A5F6 /* Build configuration list for PBXNativeTarget "Future" */ = {
			isa = XCConfigurationList;
			buildConfigurations = (
				B144E2491F1A49780082A5F6 /* Debug */,
				B144E24A1F1A49780082A5F6 /* Release */,
			);
			defaultConfigurationIsVisible = 0;
		};
/* End XCConfigurationList section */
	};
	rootObject = B144E22E1F1A49780082A5F6 /* Project object */;
}
